// !$*UTF8*$!
{
	archiveVersion = 1;
	classes = {
	};
	objectVersion = 50;
	objects = {

/* Begin PBXBuildFile section */
		2E1956FA23A4CAF5007B26C0 /* ImageCollectionViewCell.swift in Sources */ = {isa = PBXBuildFile; fileRef = 2E1956F923A4CAF5007B26C0 /* ImageCollectionViewCell.swift */; };
		2E1956FD23A4CE3C007B26C0 /* UICollectionView+Additions.swift in Sources */ = {isa = PBXBuildFile; fileRef = 2E1956FC23A4CE3C007B26C0 /* UICollectionView+Additions.swift */; };
		2E1956FF23A4E4B5007B26C0 /* MockData.swift in Sources */ = {isa = PBXBuildFile; fileRef = 2E1956FE23A4E4B5007B26C0 /* MockData.swift */; };
		2E19570123A864BA007B26C0 /* NSCollectionLayoutSection+ComposedLayouts.swift in Sources */ = {isa = PBXBuildFile; fileRef = 2E19570023A864BA007B26C0 /* NSCollectionLayoutSection+ComposedLayouts.swift */; };
		2E6CBA1A23AB36D700FC71B2 /* CompositionalLayoutViewController.swift in Sources */ = {isa = PBXBuildFile; fileRef = 2E6CBA1923AB36D700FC71B2 /* CompositionalLayoutViewController.swift */; };
		2E6CBA1C23AB3A1B00FC71B2 /* CollectionHeaderView.swift in Sources */ = {isa = PBXBuildFile; fileRef = 2E6CBA1B23AB3A1B00FC71B2 /* CollectionHeaderView.swift */; };
		2E6CBA1E23AB3F0600FC71B2 /* SeasonCardCollectionCell.swift in Sources */ = {isa = PBXBuildFile; fileRef = 2E6CBA1D23AB3F0600FC71B2 /* SeasonCardCollectionCell.swift */; };
		2E6CBA2123AB3FF700FC71B2 /* Season.swift in Sources */ = {isa = PBXBuildFile; fileRef = 2E6CBA2023AB3FF700FC71B2 /* Season.swift */; };
		2E6CBA2323ABCBA600FC71B2 /* UIFont+Additions.swift in Sources */ = {isa = PBXBuildFile; fileRef = 2E6CBA2223ABCBA600FC71B2 /* UIFont+Additions.swift */; };
		2ED5478923AB2E3300A4106F /* ListCollectionCell.swift in Sources */ = {isa = PBXBuildFile; fileRef = 2ED5478823AB2E3300A4106F /* ListCollectionCell.swift */; };
		2ED5478B23AB306000A4106F /* UIView+Additions.swift in Sources */ = {isa = PBXBuildFile; fileRef = 2ED5478A23AB306000A4106F /* UIView+Additions.swift */; };
		2EE57C7723A47600001A2F95 /* AppDelegate.swift in Sources */ = {isa = PBXBuildFile; fileRef = 2EE57C7623A47600001A2F95 /* AppDelegate.swift */; };
		2EE57C7923A47600001A2F95 /* SceneDelegate.swift in Sources */ = {isa = PBXBuildFile; fileRef = 2EE57C7823A47600001A2F95 /* SceneDelegate.swift */; };
		2EE57C8023A47602001A2F95 /* Assets.xcassets in Resources */ = {isa = PBXBuildFile; fileRef = 2EE57C7F23A47602001A2F95 /* Assets.xcassets */; };
		2EE57C8323A47602001A2F95 /* LaunchScreen.storyboard in Resources */ = {isa = PBXBuildFile; fileRef = 2EE57C8123A47602001A2F95 /* LaunchScreen.storyboard */; };
		2EE57C8D23A47A1D001A2F95 /* FlowLayoutViewController.swift in Sources */ = {isa = PBXBuildFile; fileRef = 2EE57C8C23A47A1C001A2F95 /* FlowLayoutViewController.swift */; };
		2EE57C9323A4B2F1001A2F95 /* MainViewController.swift in Sources */ = {isa = PBXBuildFile; fileRef = 2EE57C9223A4B2F1001A2F95 /* MainViewController.swift */; };
		602E9C3223ABED3000E2E87F /* MuiltiSectionViewController.swift in Sources */ = {isa = PBXBuildFile; fileRef = 602E9C3123ABED3000E2E87F /* MuiltiSectionViewController.swift */; };
/* End PBXBuildFile section */

/* Begin PBXFileReference section */
		2E1956F923A4CAF5007B26C0 /* ImageCollectionViewCell.swift */ = {isa = PBXFileReference; lastKnownFileType = sourcecode.swift; path = ImageCollectionViewCell.swift; sourceTree = "<group>"; };
		2E1956FC23A4CE3C007B26C0 /* UICollectionView+Additions.swift */ = {isa = PBXFileReference; lastKnownFileType = sourcecode.swift; path = "UICollectionView+Additions.swift"; sourceTree = "<group>"; };
		2E1956FE23A4E4B5007B26C0 /* MockData.swift */ = {isa = PBXFileReference; lastKnownFileType = sourcecode.swift; path = MockData.swift; sourceTree = "<group>"; };
		2E19570023A864BA007B26C0 /* NSCollectionLayoutSection+ComposedLayouts.swift */ = {isa = PBXFileReference; lastKnownFileType = sourcecode.swift; path = "NSCollectionLayoutSection+ComposedLayouts.swift"; sourceTree = "<group>"; };
		2E6CBA1923AB36D700FC71B2 /* CompositionalLayoutViewController.swift */ = {isa = PBXFileReference; lastKnownFileType = sourcecode.swift; path = CompositionalLayoutViewController.swift; sourceTree = "<group>"; };
		2E6CBA1B23AB3A1B00FC71B2 /* CollectionHeaderView.swift */ = {isa = PBXFileReference; lastKnownFileType = sourcecode.swift; path = CollectionHeaderView.swift; sourceTree = "<group>"; };
		2E6CBA1D23AB3F0600FC71B2 /* SeasonCardCollectionCell.swift */ = {isa = PBXFileReference; lastKnownFileType = sourcecode.swift; path = SeasonCardCollectionCell.swift; sourceTree = "<group>"; };
		2E6CBA2023AB3FF700FC71B2 /* Season.swift */ = {isa = PBXFileReference; lastKnownFileType = sourcecode.swift; path = Season.swift; sourceTree = "<group>"; };
		2E6CBA2223ABCBA600FC71B2 /* UIFont+Additions.swift */ = {isa = PBXFileReference; lastKnownFileType = sourcecode.swift; path = "UIFont+Additions.swift"; sourceTree = "<group>"; };
		2ED5478823AB2E3300A4106F /* ListCollectionCell.swift */ = {isa = PBXFileReference; lastKnownFileType = sourcecode.swift; path = ListCollectionCell.swift; sourceTree = "<group>"; };
		2ED5478A23AB306000A4106F /* UIView+Additions.swift */ = {isa = PBXFileReference; lastKnownFileType = sourcecode.swift; path = "UIView+Additions.swift"; sourceTree = "<group>"; };
		2EE57C7323A47600001A2F95 /* UICollectionViewTour.app */ = {isa = PBXFileReference; explicitFileType = wrapper.application; includeInIndex = 0; path = UICollectionViewTour.app; sourceTree = BUILT_PRODUCTS_DIR; };
		2EE57C7623A47600001A2F95 /* AppDelegate.swift */ = {isa = PBXFileReference; lastKnownFileType = sourcecode.swift; path = AppDelegate.swift; sourceTree = "<group>"; };
		2EE57C7823A47600001A2F95 /* SceneDelegate.swift */ = {isa = PBXFileReference; lastKnownFileType = sourcecode.swift; path = SceneDelegate.swift; sourceTree = "<group>"; };
		2EE57C7F23A47602001A2F95 /* Assets.xcassets */ = {isa = PBXFileReference; lastKnownFileType = folder.assetcatalog; path = Assets.xcassets; sourceTree = "<group>"; };
		2EE57C8223A47602001A2F95 /* Base */ = {isa = PBXFileReference; lastKnownFileType = file.storyboard; name = Base; path = Base.lproj/LaunchScreen.storyboard; sourceTree = "<group>"; };
		2EE57C8423A47602001A2F95 /* Info.plist */ = {isa = PBXFileReference; lastKnownFileType = text.plist.xml; path = Info.plist; sourceTree = "<group>"; };
		2EE57C8C23A47A1C001A2F95 /* FlowLayoutViewController.swift */ = {isa = PBXFileReference; lastKnownFileType = sourcecode.swift; path = FlowLayoutViewController.swift; sourceTree = "<group>"; };
		2EE57C9223A4B2F1001A2F95 /* MainViewController.swift */ = {isa = PBXFileReference; lastKnownFileType = sourcecode.swift; path = MainViewController.swift; sourceTree = "<group>"; };
		602E9C3123ABED3000E2E87F /* MuiltiSectionViewController.swift */ = {isa = PBXFileReference; lastKnownFileType = sourcecode.swift; path = MuiltiSectionViewController.swift; sourceTree = "<group>"; };
/* End PBXFileReference section */

/* Begin PBXFrameworksBuildPhase section */
		2EE57C7023A47600001A2F95 /* Frameworks */ = {
			isa = PBXFrameworksBuildPhase;
			buildActionMask = 2147483647;
			files = (
			);
			runOnlyForDeploymentPostprocessing = 0;
		};
/* End PBXFrameworksBuildPhase section */

/* Begin PBXGroup section */
		2E1956F723A4B9CE007B26C0 /* Views */ = {
			isa = PBXGroup;
			children = (
				2E6CBA1B23AB3A1B00FC71B2 /* CollectionHeaderView.swift */,
				2E1956F923A4CAF5007B26C0 /* ImageCollectionViewCell.swift */,
				2ED5478823AB2E3300A4106F /* ListCollectionCell.swift */,
				2E6CBA1D23AB3F0600FC71B2 /* SeasonCardCollectionCell.swift */,
			);
			path = Views;
			sourceTree = "<group>";
		};
		2E1956FB23A4CE0E007B26C0 /* Extensions */ = {
			isa = PBXGroup;
			children = (
				2E19570023A864BA007B26C0 /* NSCollectionLayoutSection+ComposedLayouts.swift */,
				2E1956FC23A4CE3C007B26C0 /* UICollectionView+Additions.swift */,
				2ED5478A23AB306000A4106F /* UIView+Additions.swift */,
				2E6CBA2223ABCBA600FC71B2 /* UIFont+Additions.swift */,
			);
			path = Extensions;
			sourceTree = "<group>";
		};
		2E6CBA1F23AB3FEA00FC71B2 /* Models */ = {
			isa = PBXGroup;
			children = (
				2E6CBA2023AB3FF700FC71B2 /* Season.swift */,
			);
			path = Models;
			sourceTree = "<group>";
		};
		2EE57C6A23A47600001A2F95 = {
			isa = PBXGroup;
			children = (
				2EE57C7523A47600001A2F95 /* UICollectionViewTour */,
				2EE57C7423A47600001A2F95 /* Products */,
			);
			sourceTree = "<group>";
		};
		2EE57C7423A47600001A2F95 /* Products */ = {
			isa = PBXGroup;
			children = (
				2EE57C7323A47600001A2F95 /* UICollectionViewTour.app */,
			);
			name = Products;
			sourceTree = "<group>";
		};
		2EE57C7523A47600001A2F95 /* UICollectionViewTour */ = {
			isa = PBXGroup;
			children = (
				2E6CBA1F23AB3FEA00FC71B2 /* Models */,
				2E1956FB23A4CE0E007B26C0 /* Extensions */,
				2EE57C8F23A47BD6001A2F95 /* Resources */,
				2E1956F723A4B9CE007B26C0 /* Views */,
				2EE57C8E23A47BC1001A2F95 /* ViewControllers */,
				2EE57C7623A47600001A2F95 /* AppDelegate.swift */,
				2EE57C7823A47600001A2F95 /* SceneDelegate.swift */,
				2EE57C8423A47602001A2F95 /* Info.plist */,
			);
			path = UICollectionViewTour;
			sourceTree = "<group>";
		};
		2EE57C8E23A47BC1001A2F95 /* ViewControllers */ = {
			isa = PBXGroup;
			children = (
				2EE57C8C23A47A1C001A2F95 /* FlowLayoutViewController.swift */,
				2EE57C9223A4B2F1001A2F95 /* MainViewController.swift */,
				2E6CBA1923AB36D700FC71B2 /* CompositionalLayoutViewController.swift */,
				602E9C3123ABED3000E2E87F /* MuiltiSectionViewController.swift */,
			);
			path = ViewControllers;
			sourceTree = "<group>";
		};
		2EE57C8F23A47BD6001A2F95 /* Resources */ = {
			isa = PBXGroup;
			children = (
				2EE57C7F23A47602001A2F95 /* Assets.xcassets */,
				2EE57C8123A47602001A2F95 /* LaunchScreen.storyboard */,
				2E1956FE23A4E4B5007B26C0 /* MockData.swift */,
			);
			path = Resources;
			sourceTree = "<group>";
		};
/* End PBXGroup section */

/* Begin PBXNativeTarget section */
		2EE57C7223A47600001A2F95 /* UICollectionViewTour */ = {
			isa = PBXNativeTarget;
			buildConfigurationList = 2EE57C8723A47602001A2F95 /* Build configuration list for PBXNativeTarget "UICollectionViewTour" */;
			buildPhases = (
				2EE57C6F23A47600001A2F95 /* Sources */,
				2EE57C7023A47600001A2F95 /* Frameworks */,
				2EE57C7123A47600001A2F95 /* Resources */,
			);
			buildRules = (
			);
			dependencies = (
			);
			name = UICollectionViewTour;
			productName = UICollectionViewTour;
			productReference = 2EE57C7323A47600001A2F95 /* UICollectionViewTour.app */;
			productType = "com.apple.product-type.application";
		};
/* End PBXNativeTarget section */

/* Begin PBXProject section */
		2EE57C6B23A47600001A2F95 /* Project object */ = {
			isa = PBXProject;
			attributes = {
				LastSwiftUpdateCheck = 1140;
				LastUpgradeCheck = 1140;
				ORGANIZATIONNAME = ivancr;
				TargetAttributes = {
					2EE57C7223A47600001A2F95 = {
						CreatedOnToolsVersion = 11.4;
					};
				};
			};
			buildConfigurationList = 2EE57C6E23A47600001A2F95 /* Build configuration list for PBXProject "UICollectionViewTour" */;
			compatibilityVersion = "Xcode 9.3";
			developmentRegion = en;
			hasScannedForEncodings = 0;
			knownRegions = (
				en,
				Base,
			);
			mainGroup = 2EE57C6A23A47600001A2F95;
			productRefGroup = 2EE57C7423A47600001A2F95 /* Products */;
			projectDirPath = "";
			projectRoot = "";
			targets = (
				2EE57C7223A47600001A2F95 /* UICollectionViewTour */,
			);
		};
/* End PBXProject section */

/* Begin PBXResourcesBuildPhase section */
		2EE57C7123A47600001A2F95 /* Resources */ = {
			isa = PBXResourcesBuildPhase;
			buildActionMask = 2147483647;
			files = (
				2EE57C8323A47602001A2F95 /* LaunchScreen.storyboard in Resources */,
				2EE57C8023A47602001A2F95 /* Assets.xcassets in Resources */,
			);
			runOnlyForDeploymentPostprocessing = 0;
		};
/* End PBXResourcesBuildPhase section */

/* Begin PBXSourcesBuildPhase section */
		2EE57C6F23A47600001A2F95 /* Sources */ = {
			isa = PBXSourcesBuildPhase;
			buildActionMask = 2147483647;
			files = (
				2E19570123A864BA007B26C0 /* NSCollectionLayoutSection+ComposedLayouts.swift in Sources */,
				2E6CBA2323ABCBA600FC71B2 /* UIFont+Additions.swift in Sources */,
				2EE57C7723A47600001A2F95 /* AppDelegate.swift in Sources */,
				2E1956FA23A4CAF5007B26C0 /* ImageCollectionViewCell.swift in Sources */,
				2ED5478923AB2E3300A4106F /* ListCollectionCell.swift in Sources */,
				2ED5478B23AB306000A4106F /* UIView+Additions.swift in Sources */,
				2E6CBA1E23AB3F0600FC71B2 /* SeasonCardCollectionCell.swift in Sources */,
				2E6CBA1A23AB36D700FC71B2 /* CompositionalLayoutViewController.swift in Sources */,
				2E1956FD23A4CE3C007B26C0 /* UICollectionView+Additions.swift in Sources */,
				2EE57C7923A47600001A2F95 /* SceneDelegate.swift in Sources */,
				2EE57C8D23A47A1D001A2F95 /* FlowLayoutViewController.swift in Sources */,
				2E6CBA1C23AB3A1B00FC71B2 /* CollectionHeaderView.swift in Sources */,
				602E9C3223ABED3000E2E87F /* MuiltiSectionViewController.swift in Sources */,
				2E1956FF23A4E4B5007B26C0 /* MockData.swift in Sources */,
				2E6CBA2123AB3FF700FC71B2 /* Season.swift in Sources */,
				2EE57C9323A4B2F1001A2F95 /* MainViewController.swift in Sources */,
			);
			runOnlyForDeploymentPostprocessing = 0;
		};
/* End PBXSourcesBuildPhase section */

/* Begin PBXVariantGroup section */
		2EE57C8123A47602001A2F95 /* LaunchScreen.storyboard */ = {
			isa = PBXVariantGroup;
			children = (
				2EE57C8223A47602001A2F95 /* Base */,
			);
			name = LaunchScreen.storyboard;
			sourceTree = "<group>";
		};
/* End PBXVariantGroup section */

/* Begin XCBuildConfiguration section */
		2EE57C8523A47602001A2F95 /* Debug */ = {
			isa = XCBuildConfiguration;
			buildSettings = {
				ALWAYS_SEARCH_USER_PATHS = NO;
				CLANG_ANALYZER_NONNULL = YES;
				CLANG_ANALYZER_NUMBER_OBJECT_CONVERSION = YES_AGGRESSIVE;
				CLANG_CXX_LANGUAGE_STANDARD = "gnu++14";
				CLANG_CXX_LIBRARY = "libc++";
				CLANG_ENABLE_MODULES = YES;
				CLANG_ENABLE_OBJC_ARC = YES;
				CLANG_ENABLE_OBJC_WEAK = YES;
				CLANG_WARN_BLOCK_CAPTURE_AUTORELEASING = YES;
				CLANG_WARN_BOOL_CONVERSION = YES;
				CLANG_WARN_COMMA = YES;
				CLANG_WARN_CONSTANT_CONVERSION = YES;
				CLANG_WARN_DEPRECATED_OBJC_IMPLEMENTATIONS = YES;
				CLANG_WARN_DIRECT_OBJC_ISA_USAGE = YES_ERROR;
				CLANG_WARN_DOCUMENTATION_COMMENTS = YES;
				CLANG_WARN_EMPTY_BODY = YES;
				CLANG_WARN_ENUM_CONVERSION = YES;
				CLANG_WARN_INFINITE_RECURSION = YES;
				CLANG_WARN_INT_CONVERSION = YES;
				CLANG_WARN_NON_LITERAL_NULL_CONVERSION = YES;
				CLANG_WARN_OBJC_IMPLICIT_RETAIN_SELF = YES;
				CLANG_WARN_OBJC_LITERAL_CONVERSION = YES;
				CLANG_WARN_OBJC_ROOT_CLASS = YES_ERROR;
				CLANG_WARN_RANGE_LOOP_ANALYSIS = YES;
				CLANG_WARN_STRICT_PROTOTYPES = YES;
				CLANG_WARN_SUSPICIOUS_MOVE = YES;
				CLANG_WARN_UNGUARDED_AVAILABILITY = YES_AGGRESSIVE;
				CLANG_WARN_UNREACHABLE_CODE = YES;
				CLANG_WARN__DUPLICATE_METHOD_MATCH = YES;
				COPY_PHASE_STRIP = NO;
				DEBUG_INFORMATION_FORMAT = dwarf;
				ENABLE_STRICT_OBJC_MSGSEND = YES;
				ENABLE_TESTABILITY = YES;
				GCC_C_LANGUAGE_STANDARD = gnu11;
				GCC_DYNAMIC_NO_PIC = NO;
				GCC_NO_COMMON_BLOCKS = YES;
				GCC_OPTIMIZATION_LEVEL = 0;
				GCC_PREPROCESSOR_DEFINITIONS = (
					"DEBUG=1",
					"$(inherited)",
				);
				GCC_WARN_64_TO_32_BIT_CONVERSION = YES;
				GCC_WARN_ABOUT_RETURN_TYPE = YES_ERROR;
				GCC_WARN_UNDECLARED_SELECTOR = YES;
				GCC_WARN_UNINITIALIZED_AUTOS = YES_AGGRESSIVE;
				GCC_WARN_UNUSED_FUNCTION = YES;
				GCC_WARN_UNUSED_VARIABLE = YES;
				IPHONEOS_DEPLOYMENT_TARGET = 13.0;
				MTL_ENABLE_DEBUG_INFO = INCLUDE_SOURCE;
				MTL_FAST_MATH = YES;
				ONLY_ACTIVE_ARCH = YES;
				SDKROOT = iphoneos;
				SWIFT_ACTIVE_COMPILATION_CONDITIONS = DEBUG;
				SWIFT_OPTIMIZATION_LEVEL = "-Onone";
			};
			name = Debug;
		};
		2EE57C8623A47602001A2F95 /* Release */ = {
			isa = XCBuildConfiguration;
			buildSettings = {
				ALWAYS_SEARCH_USER_PATHS = NO;
				CLANG_ANALYZER_NONNULL = YES;
				CLANG_ANALYZER_NUMBER_OBJECT_CONVERSION = YES_AGGRESSIVE;
				CLANG_CXX_LANGUAGE_STANDARD = "gnu++14";
				CLANG_CXX_LIBRARY = "libc++";
				CLANG_ENABLE_MODULES = YES;
				CLANG_ENABLE_OBJC_ARC = YES;
				CLANG_ENABLE_OBJC_WEAK = YES;
				CLANG_WARN_BLOCK_CAPTURE_AUTORELEASING = YES;
				CLANG_WARN_BOOL_CONVERSION = YES;
				CLANG_WARN_COMMA = YES;
				CLANG_WARN_CONSTANT_CONVERSION = YES;
				CLANG_WARN_DEPRECATED_OBJC_IMPLEMENTATIONS = YES;
				CLANG_WARN_DIRECT_OBJC_ISA_USAGE = YES_ERROR;
				CLANG_WARN_DOCUMENTATION_COMMENTS = YES;
				CLANG_WARN_EMPTY_BODY = YES;
				CLANG_WARN_ENUM_CONVERSION = YES;
				CLANG_WARN_INFINITE_RECURSION = YES;
				CLANG_WARN_INT_CONVERSION = YES;
				CLANG_WARN_NON_LITERAL_NULL_CONVERSION = YES;
				CLANG_WARN_OBJC_IMPLICIT_RETAIN_SELF = YES;
				CLANG_WARN_OBJC_LITERAL_CONVERSION = YES;
				CLANG_WARN_OBJC_ROOT_CLASS = YES_ERROR;
				CLANG_WARN_RANGE_LOOP_ANALYSIS = YES;
				CLANG_WARN_STRICT_PROTOTYPES = YES;
				CLANG_WARN_SUSPICIOUS_MOVE = YES;
				CLANG_WARN_UNGUARDED_AVAILABILITY = YES_AGGRESSIVE;
				CLANG_WARN_UNREACHABLE_CODE = YES;
				CLANG_WARN__DUPLICATE_METHOD_MATCH = YES;
				COPY_PHASE_STRIP = NO;
				DEBUG_INFORMATION_FORMAT = "dwarf-with-dsym";
				ENABLE_NS_ASSERTIONS = NO;
				ENABLE_STRICT_OBJC_MSGSEND = YES;
				GCC_C_LANGUAGE_STANDARD = gnu11;
				GCC_NO_COMMON_BLOCKS = YES;
				GCC_WARN_64_TO_32_BIT_CONVERSION = YES;
				GCC_WARN_ABOUT_RETURN_TYPE = YES_ERROR;
				GCC_WARN_UNDECLARED_SELECTOR = YES;
				GCC_WARN_UNINITIALIZED_AUTOS = YES_AGGRESSIVE;
				GCC_WARN_UNUSED_FUNCTION = YES;
				GCC_WARN_UNUSED_VARIABLE = YES;
				IPHONEOS_DEPLOYMENT_TARGET = 13.0;
				MTL_ENABLE_DEBUG_INFO = NO;
				MTL_FAST_MATH = YES;
				SDKROOT = iphoneos;
				SWIFT_COMPILATION_MODE = wholemodule;
				SWIFT_OPTIMIZATION_LEVEL = "-O";
				VALIDATE_PRODUCT = YES;
			};
			name = Release;
		};
		2EE57C8823A47602001A2F95 /* Debug */ = {
			isa = XCBuildConfiguration;
			buildSettings = {
				ASSETCATALOG_COMPILER_APPICON_NAME = AppIcon;
				CODE_SIGN_STYLE = Automatic;
				DEVELOPMENT_TEAM = 8BBJWL74UL;
				INFOPLIST_FILE = UICollectionViewTour/Info.plist;
				LD_RUNPATH_SEARCH_PATHS = (
					"$(inherited)",
					"@executable_path/Frameworks",
				);
				PRODUCT_BUNDLE_IDENTIFIER = com.ivancr.UICollectionViewTour;
				PRODUCT_NAME = "$(TARGET_NAME)";
				SWIFT_VERSION = 5.0;
				TARGETED_DEVICE_FAMILY = "1,2";
			};
			name = Debug;
		};
		2EE57C8923A47602001A2F95 /* Release */ = {
			isa = XCBuildConfiguration;
			buildSettings = {
				ASSETCATALOG_COMPILER_APPICON_NAME = AppIcon;
				CODE_SIGN_STYLE = Automatic;
				DEVELOPMENT_TEAM = 8BBJWL74UL;
				INFOPLIST_FILE = UICollectionViewTour/Info.plist;
				LD_RUNPATH_SEARCH_PATHS = (
					"$(inherited)",
					"@executable_path/Frameworks",
				);
				PRODUCT_BUNDLE_IDENTIFIER = com.ivancr.UICollectionViewTour;
				PRODUCT_NAME = "$(TARGET_NAME)";
				SWIFT_VERSION = 5.0;
				TARGETED_DEVICE_FAMILY = "1,2";
			};
			name = Release;
		};
/* End XCBuildConfiguration section */

/* Begin XCConfigurationList section */
		2EE57C6E23A47600001A2F95 /* Build configuration list for PBXProject "UICollectionViewTour" */ = {
			isa = XCConfigurationList;
			buildConfigurations = (
				2EE57C8523A47602001A2F95 /* Debug */,
				2EE57C8623A47602001A2F95 /* Release */,
			);
			defaultConfigurationIsVisible = 0;
			defaultConfigurationName = Release;
		};
		2EE57C8723A47602001A2F95 /* Build configuration list for PBXNativeTarget "UICollectionViewTour" */ = {
			isa = XCConfigurationList;
			buildConfigurations = (
				2EE57C8823A47602001A2F95 /* Debug */,
				2EE57C8923A47602001A2F95 /* Release */,
			);
			defaultConfigurationIsVisible = 0;
			defaultConfigurationName = Release;
		};
/* End XCConfigurationList section */
	};
	rootObject = 2EE57C6B23A47600001A2F95 /* Project object */;
}
