// !$*UTF8*$!
{
	archiveVersion = 1;
	classes = {
	};
	objectVersion = 50;
	objects = {

/* Begin PBXBuildFile section */
		2CE1619D23A60C6B00B549BF /* Assets.xcassets in Resources */ = {isa = PBXBuildFile; fileRef = 2CE1619C23A60C6B00B549BF /* Assets.xcassets */; };
		2CE161A023A60C6B00B549BF /* LaunchScreen.storyboard in Resources */ = {isa = PBXBuildFile; fileRef = 2CE1619E23A60C6B00B549BF /* LaunchScreen.storyboard */; };
		2CE161AD23A60D7F00B549BF /* AppDelegate.swift in Sources */ = {isa = PBXBuildFile; fileRef = 2CE161AB23A60D7F00B549BF /* AppDelegate.swift */; };
		2CE161AE23A60D7F00B549BF /* SceneDelegate.swift in Sources */ = {isa = PBXBuildFile; fileRef = 2CE161AC23A60D7F00B549BF /* SceneDelegate.swift */; };
		2CE161B023A60D8E00B549BF /* UICollectionView+Additions.swift in Sources */ = {isa = PBXBuildFile; fileRef = 2CE161AF23A60D8E00B549BF /* UICollectionView+Additions.swift */; };
		2CE161B223A60D9A00B549BF /* MockData.swift in Sources */ = {isa = PBXBuildFile; fileRef = 2CE161B123A60D9A00B549BF /* MockData.swift */; };
		2CE161B523A60DA400B549BF /* FlowLayoutViewController.swift in Sources */ = {isa = PBXBuildFile; fileRef = 2CE161B323A60DA400B549BF /* FlowLayoutViewController.swift */; };
		2CE161B623A60DA400B549BF /* MainViewController.swift in Sources */ = {isa = PBXBuildFile; fileRef = 2CE161B423A60DA400B549BF /* MainViewController.swift */; };
		2CE161B823A60DAD00B549BF /* ImageCollectionViewCell.swift in Sources */ = {isa = PBXBuildFile; fileRef = 2CE161B723A60DAD00B549BF /* ImageCollectionViewCell.swift */; };
/* End PBXBuildFile section */

/* Begin PBXFileReference section */
		2CE1619023A60C6700B549BF /* UICollectionViewTour.app */ = {isa = PBXFileReference; explicitFileType = wrapper.application; includeInIndex = 0; path = UICollectionViewTour.app; sourceTree = BUILT_PRODUCTS_DIR; };
		2CE1619C23A60C6B00B549BF /* Assets.xcassets */ = {isa = PBXFileReference; lastKnownFileType = folder.assetcatalog; path = Assets.xcassets; sourceTree = "<group>"; };
		2CE1619F23A60C6B00B549BF /* Base */ = {isa = PBXFileReference; lastKnownFileType = file.storyboard; name = Base; path = Base.lproj/LaunchScreen.storyboard; sourceTree = "<group>"; };
		2CE161A123A60C6B00B549BF /* Info.plist */ = {isa = PBXFileReference; lastKnownFileType = text.plist.xml; path = Info.plist; sourceTree = "<group>"; };
		2CE161AB23A60D7F00B549BF /* AppDelegate.swift */ = {isa = PBXFileReference; fileEncoding = 4; lastKnownFileType = sourcecode.swift; path = AppDelegate.swift; sourceTree = "<group>"; };
		2CE161AC23A60D7F00B549BF /* SceneDelegate.swift */ = {isa = PBXFileReference; fileEncoding = 4; lastKnownFileType = sourcecode.swift; path = SceneDelegate.swift; sourceTree = "<group>"; };
		2CE161AF23A60D8E00B549BF /* UICollectionView+Additions.swift */ = {isa = PBXFileReference; fileEncoding = 4; lastKnownFileType = sourcecode.swift; path = "UICollectionView+Additions.swift"; sourceTree = "<group>"; };
		2CE161B123A60D9A00B549BF /* MockData.swift */ = {isa = PBXFileReference; fileEncoding = 4; lastKnownFileType = sourcecode.swift; path = MockData.swift; sourceTree = "<group>"; };
		2CE161B323A60DA400B549BF /* FlowLayoutViewController.swift */ = {isa = PBXFileReference; fileEncoding = 4; lastKnownFileType = sourcecode.swift; path = FlowLayoutViewController.swift; sourceTree = "<group>"; };
		2CE161B423A60DA400B549BF /* MainViewController.swift */ = {isa = PBXFileReference; fileEncoding = 4; lastKnownFileType = sourcecode.swift; path = MainViewController.swift; sourceTree = "<group>"; };
		2CE161B723A60DAD00B549BF /* ImageCollectionViewCell.swift */ = {isa = PBXFileReference; fileEncoding = 4; lastKnownFileType = sourcecode.swift; path = ImageCollectionViewCell.swift; sourceTree = "<group>"; };
/* End PBXFileReference section */

/* Begin PBXFrameworksBuildPhase section */
		2CE1618D23A60C6700B549BF /* Frameworks */ = {
			isa = PBXFrameworksBuildPhase;
			buildActionMask = 2147483647;
			files = (
			);
			runOnlyForDeploymentPostprocessing = 0;
		};
/* End PBXFrameworksBuildPhase section */

/* Begin PBXGroup section */
		2CE1618723A60C6700B549BF = {
			isa = PBXGroup;
			children = (
				2CE1619223A60C6700B549BF /* UICollectionViewTour */,
				2CE1619123A60C6700B549BF /* Products */,
			);
			sourceTree = "<group>";
		};
		2CE1619123A60C6700B549BF /* Products */ = {
			isa = PBXGroup;
			children = (
				2CE1619023A60C6700B549BF /* UICollectionViewTour.app */,
			);
			name = Products;
			sourceTree = "<group>";
		};
		2CE1619223A60C6700B549BF /* UICollectionViewTour */ = {
			isa = PBXGroup;
			children = (
				2CE161A723A60CFA00B549BF /* Extensions */,
				2CE161A823A60D0600B549BF /* Resources */,
				2CE161AA23A60D1800B549BF /* Views */,
				2CE161A923A60D0F00B549BF /* ViewControllers */,
				2CE161AB23A60D7F00B549BF /* AppDelegate.swift */,
				2CE161AC23A60D7F00B549BF /* SceneDelegate.swift */,
				2CE161A123A60C6B00B549BF /* Info.plist */,
			);
			path = UICollectionViewTour;
			sourceTree = "<group>";
		};
		2CE161A723A60CFA00B549BF /* Extensions */ = {
			isa = PBXGroup;
			children = (
				2CE161AF23A60D8E00B549BF /* UICollectionView+Additions.swift */,
			);
			path = Extensions;
			sourceTree = "<group>";
		};
		2CE161A823A60D0600B549BF /* Resources */ = {
			isa = PBXGroup;
			children = (
				2CE161B123A60D9A00B549BF /* MockData.swift */,
				2CE1619C23A60C6B00B549BF /* Assets.xcassets */,
				2CE1619E23A60C6B00B549BF /* LaunchScreen.storyboard */,
			);
			path = Resources;
			sourceTree = "<group>";
		};
		2CE161A923A60D0F00B549BF /* ViewControllers */ = {
			isa = PBXGroup;
			children = (
				2CE161B323A60DA400B549BF /* FlowLayoutViewController.swift */,
				2CE161B423A60DA400B549BF /* MainViewController.swift */,
			);
			path = ViewControllers;
			sourceTree = "<group>";
		};
		2CE161AA23A60D1800B549BF /* Views */ = {
			isa = PBXGroup;
			children = (
				2CE161B723A60DAD00B549BF /* ImageCollectionViewCell.swift */,
			);
			path = Views;
			sourceTree = "<group>";
		};
/* End PBXGroup section */

/* Begin PBXNativeTarget section */
		2CE1618F23A60C6700B549BF /* UICollectionViewTour */ = {
			isa = PBXNativeTarget;
			buildConfigurationList = 2CE161A423A60C6B00B549BF /* Build configuration list for PBXNativeTarget "UICollectionViewTour" */;
			buildPhases = (
				2CE1618C23A60C6700B549BF /* Sources */,
				2CE1618D23A60C6700B549BF /* Frameworks */,
				2CE1618E23A60C6700B549BF /* Resources */,
			);
			buildRules = (
			);
			dependencies = (
			);
			name = UICollectionViewTour;
			productName = UICollectionViewTour;
			productReference = 2CE1619023A60C6700B549BF /* UICollectionViewTour.app */;
			productType = "com.apple.product-type.application";
		};
/* End PBXNativeTarget section */

/* Begin PBXProject section */
		2CE1618823A60C6700B549BF /* Project object */ = {
			isa = PBXProject;
			attributes = {
				LastSwiftUpdateCheck = 1120;
				LastUpgradeCheck = 1120;
				ORGANIZATIONNAME = ivancr;
				TargetAttributes = {
					2CE1618F23A60C6700B549BF = {
						CreatedOnToolsVersion = 11.2;
						LastSwiftMigration = 1120;
					};
				};
			};
			buildConfigurationList = 2CE1618B23A60C6700B549BF /* Build configuration list for PBXProject "UICollectionViewTour" */;
			compatibilityVersion = "Xcode 9.3";
			developmentRegion = en;
			hasScannedForEncodings = 0;
			knownRegions = (
				en,
				Base,
			);
			mainGroup = 2CE1618723A60C6700B549BF;
			productRefGroup = 2CE1619123A60C6700B549BF /* Products */;
			projectDirPath = "";
			projectRoot = "";
			targets = (
				2CE1618F23A60C6700B549BF /* UICollectionViewTour */,
			);
		};
/* End PBXProject section */

/* Begin PBXResourcesBuildPhase section */
		2CE1618E23A60C6700B549BF /* Resources */ = {
			isa = PBXResourcesBuildPhase;
			buildActionMask = 2147483647;
			files = (
				2CE161A023A60C6B00B549BF /* LaunchScreen.storyboard in Resources */,
				2CE1619D23A60C6B00B549BF /* Assets.xcassets in Resources */,
			);
			runOnlyForDeploymentPostprocessing = 0;
		};
/* End PBXResourcesBuildPhase section */

/* Begin PBXSourcesBuildPhase section */
		2CE1618C23A60C6700B549BF /* Sources */ = {
			isa = PBXSourcesBuildPhase;
			buildActionMask = 2147483647;
			files = (
				2CE161AD23A60D7F00B549BF /* AppDelegate.swift in Sources */,
				2CE161B523A60DA400B549BF /* FlowLayoutViewController.swift in Sources */,
				2CE161B223A60D9A00B549BF /* MockData.swift in Sources */,
				2CE161B823A60DAD00B549BF /* ImageCollectionViewCell.swift in Sources */,
				2CE161B623A60DA400B549BF /* MainViewController.swift in Sources */,
				2CE161AE23A60D7F00B549BF /* SceneDelegate.swift in Sources */,
				2CE161B023A60D8E00B549BF /* UICollectionView+Additions.swift in Sources */,
			);
			runOnlyForDeploymentPostprocessing = 0;
		};
/* End PBXSourcesBuildPhase section */

/* Begin PBXVariantGroup section */
		2CE1619E23A60C6B00B549BF /* LaunchScreen.storyboard */ = {
			isa = PBXVariantGroup;
			children = (
				2CE1619F23A60C6B00B549BF /* Base */,
			);
			name = LaunchScreen.storyboard;
			sourceTree = "<group>";
		};
/* End PBXVariantGroup section */

/* Begin XCBuildConfiguration section */
		2CE161A223A60C6B00B549BF /* Debug */ = {
			isa = XCBuildConfiguration;
			buildSettings = {
				ALWAYS_SEARCH_USER_PATHS = NO;
				CLANG_ANALYZER_NONNULL = YES;
				CLANG_ANALYZER_NUMBER_OBJECT_CONVERSION = YES_AGGRESSIVE;
				CLANG_CXX_LANGUAGE_STANDARD = "gnu++14";
				CLANG_CXX_LIBRARY = "libc++";
				CLANG_ENABLE_MODULES = YES;
				CLANG_ENABLE_OBJC_ARC = YES;
				CLANG_ENABLE_OBJC_WEAK = YES;
				CLANG_WARN_BLOCK_CAPTURE_AUTORELEASING = YES;
				CLANG_WARN_BOOL_CONVERSION = YES;
				CLANG_WARN_COMMA = YES;
				CLANG_WARN_CONSTANT_CONVERSION = YES;
				CLANG_WARN_DEPRECATED_OBJC_IMPLEMENTATIONS = YES;
				CLANG_WARN_DIRECT_OBJC_ISA_USAGE = YES_ERROR;
				CLANG_WARN_DOCUMENTATION_COMMENTS = YES;
				CLANG_WARN_EMPTY_BODY = YES;
				CLANG_WARN_ENUM_CONVERSION = YES;
				CLANG_WARN_INFINITE_RECURSION = YES;
				CLANG_WARN_INT_CONVERSION = YES;
				CLANG_WARN_NON_LITERAL_NULL_CONVERSION = YES;
				CLANG_WARN_OBJC_IMPLICIT_RETAIN_SELF = YES;
				CLANG_WARN_OBJC_LITERAL_CONVERSION = YES;
				CLANG_WARN_OBJC_ROOT_CLASS = YES_ERROR;
				CLANG_WARN_RANGE_LOOP_ANALYSIS = YES;
				CLANG_WARN_STRICT_PROTOTYPES = YES;
				CLANG_WARN_SUSPICIOUS_MOVE = YES;
				CLANG_WARN_UNGUARDED_AVAILABILITY = YES_AGGRESSIVE;
				CLANG_WARN_UNREACHABLE_CODE = YES;
				CLANG_WARN__DUPLICATE_METHOD_MATCH = YES;
				COPY_PHASE_STRIP = NO;
				DEBUG_INFORMATION_FORMAT = dwarf;
				ENABLE_STRICT_OBJC_MSGSEND = YES;
				ENABLE_TESTABILITY = YES;
				GCC_C_LANGUAGE_STANDARD = gnu11;
				GCC_DYNAMIC_NO_PIC = NO;
				GCC_NO_COMMON_BLOCKS = YES;
				GCC_OPTIMIZATION_LEVEL = 0;
				GCC_PREPROCESSOR_DEFINITIONS = (
					"DEBUG=1",
					"$(inherited)",
				);
				GCC_WARN_64_TO_32_BIT_CONVERSION = YES;
				GCC_WARN_ABOUT_RETURN_TYPE = YES_ERROR;
				GCC_WARN_UNDECLARED_SELECTOR = YES;
				GCC_WARN_UNINITIALIZED_AUTOS = YES_AGGRESSIVE;
				GCC_WARN_UNUSED_FUNCTION = YES;
				GCC_WARN_UNUSED_VARIABLE = YES;
				IPHONEOS_DEPLOYMENT_TARGET = 13.2;
				MTL_ENABLE_DEBUG_INFO = INCLUDE_SOURCE;
				MTL_FAST_MATH = YES;
				ONLY_ACTIVE_ARCH = YES;
				SDKROOT = iphoneos;
				SWIFT_ACTIVE_COMPILATION_CONDITIONS = DEBUG;
				SWIFT_OPTIMIZATION_LEVEL = "-Onone";
			};
			name = Debug;
		};
		2CE161A323A60C6B00B549BF /* Release */ = {
			isa = XCBuildConfiguration;
			buildSettings = {
				ALWAYS_SEARCH_USER_PATHS = NO;
				CLANG_ANALYZER_NONNULL = YES;
				CLANG_ANALYZER_NUMBER_OBJECT_CONVERSION = YES_AGGRESSIVE;
				CLANG_CXX_LANGUAGE_STANDARD = "gnu++14";
				CLANG_CXX_LIBRARY = "libc++";
				CLANG_ENABLE_MODULES = YES;
				CLANG_ENABLE_OBJC_ARC = YES;
				CLANG_ENABLE_OBJC_WEAK = YES;
				CLANG_WARN_BLOCK_CAPTURE_AUTORELEASING = YES;
				CLANG_WARN_BOOL_CONVERSION = YES;
				CLANG_WARN_COMMA = YES;
				CLANG_WARN_CONSTANT_CONVERSION = YES;
				CLANG_WARN_DEPRECATED_OBJC_IMPLEMENTATIONS = YES;
				CLANG_WARN_DIRECT_OBJC_ISA_USAGE = YES_ERROR;
				CLANG_WARN_DOCUMENTATION_COMMENTS = YES;
				CLANG_WARN_EMPTY_BODY = YES;
				CLANG_WARN_ENUM_CONVERSION = YES;
				CLANG_WARN_INFINITE_RECURSION = YES;
				CLANG_WARN_INT_CONVERSION = YES;
				CLANG_WARN_NON_LITERAL_NULL_CONVERSION = YES;
				CLANG_WARN_OBJC_IMPLICIT_RETAIN_SELF = YES;
				CLANG_WARN_OBJC_LITERAL_CONVERSION = YES;
				CLANG_WARN_OBJC_ROOT_CLASS = YES_ERROR;
				CLANG_WARN_RANGE_LOOP_ANALYSIS = YES;
				CLANG_WARN_STRICT_PROTOTYPES = YES;
				CLANG_WARN_SUSPICIOUS_MOVE = YES;
				CLANG_WARN_UNGUARDED_AVAILABILITY = YES_AGGRESSIVE;
				CLANG_WARN_UNREACHABLE_CODE = YES;
				CLANG_WARN__DUPLICATE_METHOD_MATCH = YES;
				COPY_PHASE_STRIP = NO;
				DEBUG_INFORMATION_FORMAT = "dwarf-with-dsym";
				ENABLE_NS_ASSERTIONS = NO;
				ENABLE_STRICT_OBJC_MSGSEND = YES;
				GCC_C_LANGUAGE_STANDARD = gnu11;
				GCC_NO_COMMON_BLOCKS = YES;
				GCC_WARN_64_TO_32_BIT_CONVERSION = YES;
				GCC_WARN_ABOUT_RETURN_TYPE = YES_ERROR;
				GCC_WARN_UNDECLARED_SELECTOR = YES;
				GCC_WARN_UNINITIALIZED_AUTOS = YES_AGGRESSIVE;
				GCC_WARN_UNUSED_FUNCTION = YES;
				GCC_WARN_UNUSED_VARIABLE = YES;
				IPHONEOS_DEPLOYMENT_TARGET = 13.2;
				MTL_ENABLE_DEBUG_INFO = NO;
				MTL_FAST_MATH = YES;
				SDKROOT = iphoneos;
				SWIFT_COMPILATION_MODE = wholemodule;
				SWIFT_OPTIMIZATION_LEVEL = "-O";
				VALIDATE_PRODUCT = YES;
			};
			name = Release;
		};
		2CE161A523A60C6B00B549BF /* Debug */ = {
			isa = XCBuildConfiguration;
			buildSettings = {
				ASSETCATALOG_COMPILER_APPICON_NAME = AppIcon;
				CLANG_ENABLE_MODULES = YES;
				CODE_SIGN_STYLE = Automatic;
				INFOPLIST_FILE = UICollectionViewTour/Info.plist;
				LD_RUNPATH_SEARCH_PATHS = (
					"$(inherited)",
					"@executable_path/Frameworks",
				);
				PRODUCT_BUNDLE_IDENTIFIER = com.ivancr.UICollectionViewTour;
				PRODUCT_NAME = "$(TARGET_NAME)";
				SWIFT_OPTIMIZATION_LEVEL = "-Onone";
				SWIFT_VERSION = 5.0;
				TARGETED_DEVICE_FAMILY = "1,2";
			};
			name = Debug;
		};
		2CE161A623A60C6B00B549BF /* Release */ = {
			isa = XCBuildConfiguration;
			buildSettings = {
				ASSETCATALOG_COMPILER_APPICON_NAME = AppIcon;
				CLANG_ENABLE_MODULES = YES;
				CODE_SIGN_STYLE = Automatic;
				INFOPLIST_FILE = UICollectionViewTour/Info.plist;
				LD_RUNPATH_SEARCH_PATHS = (
					"$(inherited)",
					"@executable_path/Frameworks",
				);
				PRODUCT_BUNDLE_IDENTIFIER = com.ivancr.UICollectionViewTour;
				PRODUCT_NAME = "$(TARGET_NAME)";
				SWIFT_VERSION = 5.0;
				TARGETED_DEVICE_FAMILY = "1,2";
			};
			name = Release;
		};
/* End XCBuildConfiguration section */

/* Begin XCConfigurationList section */
		2CE1618B23A60C6700B549BF /* Build configuration list for PBXProject "UICollectionViewTour" */ = {
			isa = XCConfigurationList;
			buildConfigurations = (
				2CE161A223A60C6B00B549BF /* Debug */,
				2CE161A323A60C6B00B549BF /* Release */,
			);
			defaultConfigurationIsVisible = 0;
			defaultConfigurationName = Release;
		};
		2CE161A423A60C6B00B549BF /* Build configuration list for PBXNativeTarget "UICollectionViewTour" */ = {
			isa = XCConfigurationList;
			buildConfigurations = (
				2CE161A523A60C6B00B549BF /* Debug */,
				2CE161A623A60C6B00B549BF /* Release */,
			);
			defaultConfigurationIsVisible = 0;
			defaultConfigurationName = Release;
		};
/* End XCConfigurationList section */
	};
	rootObject = 2CE1618823A60C6700B549BF /* Project object */;
}
